
Microsoft Visual Studio Solution File, Format Version 12.00
# Visual Studio Version 16
VisualStudioVersion = 16.0.29009.5
MinimumVisualStudioVersion = 10.0.40219.1
Project("{FAE04EC0-301F-11D3-BF4B-00C04F79EFBC}") = "PIS-1_1", "PIS-1_1.csproj", "{34F57ED1-4EAC-47DF-AACD-972F0E212A88}"
EndProject
Global
	GlobalSection(SolutionConfigurationPlatforms) = preSolution
		Debug|Any CPU = Debug|Any CPU
		Release|Any CPU = Release|Any CPU
	EndGlobalSection
	GlobalSection(ProjectConfigurationPlatforms) = postSolution
		{34F57ED1-4EAC-47DF-AACD-972F0E212A88}.Debug|Any CPU.ActiveCfg = Debug|Any CPU
		{34F57ED1-4EAC-47DF-AACD-972F0E212A88}.Debug|Any CPU.Build.0 = Debug|Any CPU
		{34F57ED1-4EAC-47DF-AACD-972F0E212A88}.Release|Any CPU.ActiveCfg = Release|Any CPU
		{34F57ED1-4EAC-47DF-AACD-972F0E212A88}.Release|Any CPU.Build.0 = Release|Any CPU
	EndGlobalSection
	GlobalSection(SolutionProperties) = preSolution
		HideSolutionNode = FALSE
	EndGlobalSection
	GlobalSection(ExtensibilityGlobals) = postSolution
		SolutionGuid = {C5E53EDC-B59E-4945-A71D-6B81358478D6}
	EndGlobalSection
EndGlobal
